
Microsoft Visual Studio Solution File, Format Version 12.00
# Visual Studio Version 17
VisualStudioVersion = 17.8.34112.27
MinimumVisualStudioVersion = 10.0.40219.1
Project("{9A19103F-16F7-4668-BE54-9A1E7A4F7556}") = "Producer", "Producer\Producer.csproj", "{BC892399-8986-4B7C-B813-1AC80EA7CF5F}"
EndProject
Project("{9A19103F-16F7-4668-BE54-9A1E7A4F7556}") = "Consumer", "Consumer\Consumer.csproj", "{0EFCC653-C25A-4A39-989B-802DC13B0255}"
EndProject
Project("{2150E333-8FDC-42A3-9474-1A3956D46DE8}") = "Domain", "Domain", "{440E89E6-313D-4009-8797-94DDC4260928}"
EndProject
Project("{2150E333-8FDC-42A3-9474-1A3956D46DE8}") = "Infra.Bus", "Infra.Bus", "{BB2F1FDA-40E2-4248-A4E3-6011E062B58B}"
EndProject
Project("{2150E333-8FDC-42A3-9474-1A3956D46DE8}") = "Infra.IoC", "Infra.IoC", "{AD5CCF20-F083-4A7C-819B-0A43BF0395E8}"
EndProject
Project("{2150E333-8FDC-42A3-9474-1A3956D46DE8}") = "Microservices", "Microservices", "{668DFB82-DFA8-4943-8CA1-219A2896B5BD}"
EndProject
Project("{9A19103F-16F7-4668-BE54-9A1E7A4F7556}") = "MicroRabbit.Domain.Core", "MicroRabbit.Domain.Core\MicroRabbit.Domain.Core.csproj", "{A527EA2C-FB2F-4207-8BC0-14BA8FCAAD56}"
EndProject
Project("{2150E333-8FDC-42A3-9474-1A3956D46DE8}") = "X_old", "X_old", "{BBC4D391-B20D-4BC7-A910-165C1C32A533}"
EndProject
Project("{9A19103F-16F7-4668-BE54-9A1E7A4F7556}") = "MicroRabbit.Infra.Bus", "MicroRabbit.Infra.Bus\MicroRabbit.Infra.Bus.csproj", "{74DA2888-9D7D-4BD0-9225-CD1CB180639F}"
EndProject
Global
	GlobalSection(SolutionConfigurationPlatforms) = preSolution
		Debug|Any CPU = Debug|Any CPU
		Release|Any CPU = Release|Any CPU
	EndGlobalSection
	GlobalSection(ProjectConfigurationPlatforms) = postSolution
		{BC892399-8986-4B7C-B813-1AC80EA7CF5F}.Debug|Any CPU.ActiveCfg = Debug|Any CPU
		{BC892399-8986-4B7C-B813-1AC80EA7CF5F}.Debug|Any CPU.Build.0 = Debug|Any CPU
		{BC892399-8986-4B7C-B813-1AC80EA7CF5F}.Release|Any CPU.ActiveCfg = Release|Any CPU
		{BC892399-8986-4B7C-B813-1AC80EA7CF5F}.Release|Any CPU.Build.0 = Release|Any CPU
		{0EFCC653-C25A-4A39-989B-802DC13B0255}.Debug|Any CPU.ActiveCfg = Debug|Any CPU
		{0EFCC653-C25A-4A39-989B-802DC13B0255}.Debug|Any CPU.Build.0 = Debug|Any CPU
		{0EFCC653-C25A-4A39-989B-802DC13B0255}.Release|Any CPU.ActiveCfg = Release|Any CPU
		{0EFCC653-C25A-4A39-989B-802DC13B0255}.Release|Any CPU.Build.0 = Release|Any CPU
		{A527EA2C-FB2F-4207-8BC0-14BA8FCAAD56}.Debug|Any CPU.ActiveCfg = Debug|Any CPU
		{A527EA2C-FB2F-4207-8BC0-14BA8FCAAD56}.Debug|Any CPU.Build.0 = Debug|Any CPU
		{A527EA2C-FB2F-4207-8BC0-14BA8FCAAD56}.Release|Any CPU.ActiveCfg = Release|Any CPU
		{A527EA2C-FB2F-4207-8BC0-14BA8FCAAD56}.Release|Any CPU.Build.0 = Release|Any CPU
		{74DA2888-9D7D-4BD0-9225-CD1CB180639F}.Debug|Any CPU.ActiveCfg = Debug|Any CPU
		{74DA2888-9D7D-4BD0-9225-CD1CB180639F}.Debug|Any CPU.Build.0 = Debug|Any CPU
		{74DA2888-9D7D-4BD0-9225-CD1CB180639F}.Release|Any CPU.ActiveCfg = Release|Any CPU
		{74DA2888-9D7D-4BD0-9225-CD1CB180639F}.Release|Any CPU.Build.0 = Release|Any CPU
	EndGlobalSection
	GlobalSection(SolutionProperties) = preSolution
		HideSolutionNode = FALSE
	EndGlobalSection
	GlobalSection(NestedProjects) = preSolution
		{BC892399-8986-4B7C-B813-1AC80EA7CF5F} = {BBC4D391-B20D-4BC7-A910-165C1C32A533}
		{0EFCC653-C25A-4A39-989B-802DC13B0255} = {BBC4D391-B20D-4BC7-A910-165C1C32A533}
		{A527EA2C-FB2F-4207-8BC0-14BA8FCAAD56} = {440E89E6-313D-4009-8797-94DDC4260928}
		{74DA2888-9D7D-4BD0-9225-CD1CB180639F} = {BB2F1FDA-40E2-4248-A4E3-6011E062B58B}
	EndGlobalSection
	GlobalSection(ExtensibilityGlobals) = postSolution
		SolutionGuid = {20FB1C35-928F-465C-8771-DCDD502A9A77}
	EndGlobalSection
EndGlobal
